
Microsoft Visual Studio Solution File, Format Version 12.00
# Visual Studio Version 16
VisualStudioVersion = 16.0.30320.27
MinimumVisualStudioVersion = 10.0.40219.1
Project("{FAE04EC0-301F-11D3-BF4B-00C04F79EFBC}") = "Talk.Domain", "Talk.Domain\Talk.Domain.csproj", "{9988447F-465F-40E0-8248-72800A15221D}"
EndProject
Project("{FAE04EC0-301F-11D3-BF4B-00C04F79EFBC}") = "Talk.UnitTests", "Talk.UnitTests\Talk.UnitTests.csproj", "{104D5320-8693-42AF-B436-DCEF768619AA}"
EndProject
Global
	GlobalSection(SolutionConfigurationPlatforms) = preSolution
		Debug|Any CPU = Debug|Any CPU
		Release|Any CPU = Release|Any CPU
	EndGlobalSection
	GlobalSection(ProjectConfigurationPlatforms) = postSolution
		{9988447F-465F-40E0-8248-72800A15221D}.Debug|Any CPU.ActiveCfg = Debug|Any CPU
		{9988447F-465F-40E0-8248-72800A15221D}.Debug|Any CPU.Build.0 = Debug|Any CPU
		{9988447F-465F-40E0-8248-72800A15221D}.Release|Any CPU.ActiveCfg = Release|Any CPU
		{9988447F-465F-40E0-8248-72800A15221D}.Release|Any CPU.Build.0 = Release|Any CPU
		{104D5320-8693-42AF-B436-DCEF768619AA}.Debug|Any CPU.ActiveCfg = Debug|Any CPU
		{104D5320-8693-42AF-B436-DCEF768619AA}.Debug|Any CPU.Build.0 = Debug|Any CPU
		{104D5320-8693-42AF-B436-DCEF768619AA}.Release|Any CPU.ActiveCfg = Release|Any CPU
		{104D5320-8693-42AF-B436-DCEF768619AA}.Release|Any CPU.Build.0 = Release|Any CPU
	EndGlobalSection
	GlobalSection(SolutionProperties) = preSolution
		HideSolutionNode = FALSE
	EndGlobalSection
	GlobalSection(ExtensibilityGlobals) = postSolution
		SolutionGuid = {0B95ADCF-413D-473E-B1CA-CD596E2DA642}
	EndGlobalSection
EndGlobal
